
Microsoft Visual Studio Solution File, Format Version 12.00
# Visual Studio Version 17
VisualStudioVersion = 17.0.31314.256
MinimumVisualStudioVersion = 10.0.40219.1
Project("{2150E333-8FDC-42A3-9474-1A3956D46DE8}") = "Automation", "Automation", "{0BFBE63A-B98A-3411-8EEB-8918FEC737B3}"
EndProject
Project("{2150E333-8FDC-42A3-9474-1A3956D46DE8}") = "Engine", "Engine", "{233774A8-CC9D-3FA9-86D1-90573E92B704}"
EndProject
Project("{2150E333-8FDC-42A3-9474-1A3956D46DE8}") = "Games", "Games", "{DE1F8B53-6C02-3C13-9101-A7C8D96F3FF6}"
EndProject
Project("{2150E333-8FDC-42A3-9474-1A3956D46DE8}") = "Programs", "Programs", "{A338B9E2-A559-34BE-A46D-F789DD488FAD}"
EndProject
Project("{2150E333-8FDC-42A3-9474-1A3956D46DE8}") = "Rules", "Rules", "{C2F57ECE-B26F-39D8-BDA7-C1D40BD8F180}"
EndProject
Project("{2150E333-8FDC-42A3-9474-1A3956D46DE8}") = "Shared", "Shared", "{57713676-9DBE-331C-AD10-26632AC9EE0C}"
EndProject
Project("{2150E333-8FDC-42A3-9474-1A3956D46DE8}") = "UnrealBuildTool.Plugins", "UnrealBuildTool.Plugins", "{7B5CFB44-F0FB-31DF-AE62-C3C096A29A7B}"
EndProject
Project("{8BC9CEB8-8B4A-11D0-8D11-00A0C91BC942}") = "cgt365", "Intermediate\ProjectFiles\cgt365.vcxproj", "{FF3B5FCD-1B20-3CEF-807D-CBC1E9B1FD46}"
	ProjectSection(ProjectDependencies) = postProject
		{07C72435-D417-3582-9EA3-C7E394EB6D77} = {07C72435-D417-3582-9EA3-C7E394EB6D77}
	EndProjectSection
EndProject
Project("{8BC9CEB8-8B4A-11D0-8D11-00A0C91BC942}") = "UE5", "Intermediate\ProjectFiles\UE5.vcxproj", "{2D4D3A89-EBC5-3C80-9C41-B3CD8AA4A64E}"
EndProject
Project("{FAE04EC0-301F-11D3-BF4B-00C04F79EFBC}") = "UnrealBuildTool", "D:\EpicLibrary\UE_5.3\Engine\Source\Programs\UnrealBuildTool\UnrealBuildTool.csproj", "{07C72435-D417-3582-9EA3-C7E394EB6D77}"
EndProject
Project("{FAE04EC0-301F-11D3-BF4B-00C04F79EFBC}") = "AutomationTool", "D:\EpicLibrary\UE_5.3\Engine\Source\Programs\AutomationTool\AutomationTool.csproj", "{687BD9DD-D32A-36E2-950B-EECC131BFF30}"
EndProject
Project("{FAE04EC0-301F-11D3-BF4B-00C04F79EFBC}") = "Android.Automation", "D:\EpicLibrary\UE_5.3\Engine\Source\Programs\AutomationTool\Android\Android.Automation.csproj", "{D18588A9-01A9-3E17-88E1-1868F479CAA5}"
EndProject
Project("{FAE04EC0-301F-11D3-BF4B-00C04F79EFBC}") = "Apple.Automation", "D:\EpicLibrary\UE_5.3\Engine\Source\Programs\AutomationTool\Apple\Apple.Automation.csproj", "{BD604B3C-AE68-3D19-9621-DF8B98C7998B}"
EndProject
Project("{FAE04EC0-301F-11D3-BF4B-00C04F79EFBC}") = "AutomationUtils.Automation", "D:\EpicLibrary\UE_5.3\Engine\Source\Programs\AutomationTool\AutomationUtils\AutomationUtils.Automation.csproj", "{06698AE5-46A8-396D-BE58-002EF01364F1}"
EndProject
Project("{FAE04EC0-301F-11D3-BF4B-00C04F79EFBC}") = "BuildGraph.Automation", "D:\EpicLibrary\UE_5.3\Engine\Source\Programs\AutomationTool\BuildGraph\BuildGraph.Automation.csproj", "{77324CB4-9EB3-39C6-A41A-E19FA6FBCD4C}"
EndProject
Project("{FAE04EC0-301F-11D3-BF4B-00C04F79EFBC}") = "CookedEditor.Automation", "D:\EpicLibrary\UE_5.3\Engine\Source\Programs\AutomationTool\CookedEditor\CookedEditor.Automation.csproj", "{2BF9B5BA-F13F-3206-86D6-9FB1ECC93142}"
EndProject
Project("{FAE04EC0-301F-11D3-BF4B-00C04F79EFBC}") = "CrowdinLocalization.Automation", "D:\EpicLibrary\UE_5.3\Engine\Source\Programs\AutomationTool\CrowdinLocalization\CrowdinLocalization.Automation.csproj", "{F10519FD-7C37-37BF-BDD5-FB93C46392C8}"
EndProject
Project("{FAE04EC0-301F-11D3-BF4B-00C04F79EFBC}") = "Gauntlet.Automation", "D:\EpicLibrary\UE_5.3\Engine\Source\Programs\AutomationTool\Gauntlet\Gauntlet.Automation.csproj", "{8795009B-C571-371D-9CCF-57BF8CAF176D}"
EndProject
Project("{FAE04EC0-301F-11D3-BF4B-00C04F79EFBC}") = "IOS.Automation", "D:\EpicLibrary\UE_5.3\Engine\Source\Programs\AutomationTool\IOS\IOS.Automation.csproj", "{2D1F1C32-73AD-3F89-86B5-43DF7E90B6A7}"
EndProject
Project("{FAE04EC0-301F-11D3-BF4B-00C04F79EFBC}") = "Linux.Automation", "D:\EpicLibrary\UE_5.3\Engine\Source\Programs\AutomationTool\Linux\Linux.Automation.csproj", "{853374FA-84D5-3352-A761-87F067C09737}"
EndProject
Project("{FAE04EC0-301F-11D3-BF4B-00C04F79EFBC}") = "Localization.Automation", "D:\EpicLibrary\UE_5.3\Engine\Source\Programs\AutomationTool\Localization\Localization.Automation.csproj", "{8F7AD15E-EE7C-35AF-B898-C01BCA99DEFD}"
EndProject
Project("{FAE04EC0-301F-11D3-BF4B-00C04F79EFBC}") = "LowLevelTests.Automation", "D:\EpicLibrary\UE_5.3\Engine\Source\Programs\AutomationTool\LowLevelTests\LowLevelTests.Automation.csproj", "{5811602F-954F-3F73-B971-D78D761D493C}"
EndProject
Project("{FAE04EC0-301F-11D3-BF4B-00C04F79EFBC}") = "Mac.Automation", "D:\EpicLibrary\UE_5.3\Engine\Source\Programs\AutomationTool\Mac\Mac.Automation.csproj", "{9B728B41-7A3A-367E-93F3-2AADD971F617}"
EndProject
Project("{FAE04EC0-301F-11D3-BF4B-00C04F79EFBC}") = "OneSkyLocalization.Automation", "D:\EpicLibrary\UE_5.3\Engine\Source\Programs\AutomationTool\OneSkyLocalization\OneSkyLocalization.Automation.csproj", "{ADD67CAD-7F13-30CF-8FA8-4440A880FBCB}"
EndProject
Project("{FAE04EC0-301F-11D3-BF4B-00C04F79EFBC}") = "AutomationScripts.Automation", "D:\EpicLibrary\UE_5.3\Engine\Source\Programs\AutomationTool\Scripts\AutomationScripts.Automation.csproj", "{09CAC0EE-ACD4-350F-8F86-9B280DC2E43F}"
EndProject
Project("{FAE04EC0-301F-11D3-BF4B-00C04F79EFBC}") = "SmartlingLocalization.Automation", "D:\EpicLibrary\UE_5.3\Engine\Source\Programs\AutomationTool\SmartlingLocalization\SmartlingLocalization.Automation.csproj", "{8E93D8D3-D0A9-3084-BC5B-304C222E5722}"
EndProject
Project("{FAE04EC0-301F-11D3-BF4B-00C04F79EFBC}") = "SteamDeck.Automation", "D:\EpicLibrary\UE_5.3\Engine\Source\Programs\AutomationTool\SteamDeck\SteamDeck.Automation.csproj", "{445AD681-345F-3A20-A8BF-1DA50C0B352A}"
EndProject
Project("{FAE04EC0-301F-11D3-BF4B-00C04F79EFBC}") = "TVOS.Automation", "D:\EpicLibrary\UE_5.3\Engine\Source\Programs\AutomationTool\TVOS\TVOS.Automation.csproj", "{D67312AD-708B-37EA-8787-EFFE22D79612}"
EndProject
Project("{FAE04EC0-301F-11D3-BF4B-00C04F79EFBC}") = "Turnkey.Automation", "D:\EpicLibrary\UE_5.3\Engine\Source\Programs\AutomationTool\Turnkey\Turnkey.Automation.csproj", "{6C2A99E2-9E8F-3674-B801-DE73B57A2CEE}"
EndProject
Project("{FAE04EC0-301F-11D3-BF4B-00C04F79EFBC}") = "Win.Automation", "D:\EpicLibrary\UE_5.3\Engine\Source\Programs\AutomationTool\Win\Win.Automation.csproj", "{03763061-C1DA-36C6-90DE-589E8EC9FB99}"
EndProject
Project("{FAE04EC0-301F-11D3-BF4B-00C04F79EFBC}") = "XLocLocalization.Automation", "D:\EpicLibrary\UE_5.3\Engine\Source\Programs\AutomationTool\XLocLocalization\XLocLocalization.Automation.csproj", "{F36FC1E7-6CEA-3EA0-8DA1-F2A82057DF7E}"
EndProject
Project("{FAE04EC0-301F-11D3-BF4B-00C04F79EFBC}") = "ScriptGeneratorUbtPlugin.ubtplugin", "D:\EpicLibrary\UE_5.3\Engine\Plugins\ScriptPlugin\Source\ScriptGeneratorUbtPlugin\ScriptGeneratorUbtPlugin.ubtplugin.csproj", "{74A17198-674A-3C69-AFF9-51D2175A50BE}"
EndProject
Project("{FAE04EC0-301F-11D3-BF4B-00C04F79EFBC}") = "EpicGames.AspNet", "D:\EpicLibrary\UE_5.3\Engine\Source\Programs\Shared\EpicGames.AspNet\EpicGames.AspNet.csproj", "{CBBB2FEF-4321-332C-AF0B-0DA0D65FA6A2}"
EndProject
Project("{FAE04EC0-301F-11D3-BF4B-00C04F79EFBC}") = "EpicGames.Box", "D:\EpicLibrary\UE_5.3\Engine\Source\Programs\Shared\EpicGames.Box\EpicGames.Box.csproj", "{015E4525-1B24-36F5-BD5F-1E3069E2361A}"
EndProject
Project("{FAE04EC0-301F-11D3-BF4B-00C04F79EFBC}") = "EpicGames.Build", "D:\EpicLibrary\UE_5.3\Engine\Source\Programs\Shared\EpicGames.Build\EpicGames.Build.csproj", "{C42AB1DE-34FA-35DB-AB03-3E1574F7CE19}"
EndProject
Project("{FAE04EC0-301F-11D3-BF4B-00C04F79EFBC}") = "EpicGames.BuildGraph", "D:\EpicLibrary\UE_5.3\Engine\Source\Programs\Shared\EpicGames.BuildGraph\EpicGames.BuildGraph.csproj", "{EC676272-EF57-3695-8189-1EB2365538C0}"
EndProject
Project("{FAE04EC0-301F-11D3-BF4B-00C04F79EFBC}") = "EpicGames.Core", "D:\EpicLibrary\UE_5.3\Engine\Source\Programs\Shared\EpicGames.Core\EpicGames.Core.csproj", "{52E49978-70BA-3C2F-B6D8-3E3FD007031F}"
EndProject
Project("{FAE04EC0-301F-11D3-BF4B-00C04F79EFBC}") = "EpicGames.Horde", "D:\EpicLibrary\UE_5.3\Engine\Source\Programs\Shared\EpicGames.Horde\EpicGames.Horde.csproj", "{F555B5F1-56E6-3931-B13C-E848BD82C57E}"
EndProject
Project("{FAE04EC0-301F-11D3-BF4B-00C04F79EFBC}") = "EpicGames.IoHash", "D:\EpicLibrary\UE_5.3\Engine\Source\Programs\Shared\EpicGames.IoHash\EpicGames.IoHash.csproj", "{F38400A0-AE06-376B-B354-125D5678C3A6}"
EndProject
Project("{FAE04EC0-301F-11D3-BF4B-00C04F79EFBC}") = "EpicGames.Jupiter", "D:\EpicLibrary\UE_5.3\Engine\Source\Programs\Shared\EpicGames.Jupiter\EpicGames.Jupiter.csproj", "{020E6B6F-2BC2-3688-B83C-DD3C704F54FA}"
EndProject
Project("{FAE04EC0-301F-11D3-BF4B-00C04F79EFBC}") = "EpicGames.MongoDB", "D:\EpicLibrary\UE_5.3\Engine\Source\Programs\Shared\EpicGames.MongoDB\EpicGames.MongoDB.csproj", "{6AC3A4ED-19D9-3C36-AC43-4404C7CED204}"
EndProject
Project("{FAE04EC0-301F-11D3-BF4B-00C04F79EFBC}") = "EpicGames.MsBuild", "D:\EpicLibrary\UE_5.3\Engine\Source\Programs\Shared\EpicGames.MsBuild\EpicGames.MsBuild.csproj", "{92DE79F3-FEAB-3215-9550-736DAEA20769}"
EndProject
Project("{FAE04EC0-301F-11D3-BF4B-00C04F79EFBC}") = "EpicGames.OIDC", "D:\EpicLibrary\UE_5.3\Engine\Source\Programs\Shared\EpicGames.OIDC\EpicGames.OIDC.csproj", "{7F8B5FE4-9AB9-3BB8-8FF1-4165B4E3379E}"
EndProject
Project("{FAE04EC0-301F-11D3-BF4B-00C04F79EFBC}") = "EpicGames.Oodle", "D:\EpicLibrary\UE_5.3\Engine\Source\Programs\Shared\EpicGames.Oodle\EpicGames.Oodle.csproj", "{973CD632-FE34-3B16-920E-66C87036B3A2}"
EndProject
Project("{FAE04EC0-301F-11D3-BF4B-00C04F79EFBC}") = "EpicGames.Perforce", "D:\EpicLibrary\UE_5.3\Engine\Source\Programs\Shared\EpicGames.Perforce\EpicGames.Perforce.csproj", "{5684EA7E-CDDB-33B4-ACB9-D454CB65BB5B}"
EndProject
Project("{FAE04EC0-301F-11D3-BF4B-00C04F79EFBC}") = "EpicGames.Perforce.Fixture", "D:\EpicLibrary\UE_5.3\Engine\Source\Programs\Shared\EpicGames.Perforce.Fixture\EpicGames.Perforce.Fixture.csproj", "{8273D951-9707-3BB6-8F8A-DEC609726CBF}"
EndProject
Project("{FAE04EC0-301F-11D3-BF4B-00C04F79EFBC}") = "EpicGames.Perforce.Managed", "D:\EpicLibrary\UE_5.3\Engine\Source\Programs\Shared\EpicGames.Perforce.Managed\EpicGames.Perforce.Managed.csproj", "{C708A612-61FF-3835-BE3E-895B626E020E}"
EndProject
Project("{FAE04EC0-301F-11D3-BF4B-00C04F79EFBC}") = "EpicGames.Redis", "D:\EpicLibrary\UE_5.3\Engine\Source\Programs\Shared\EpicGames.Redis\EpicGames.Redis.csproj", "{412AADAB-1F87-3DC8-8F0B-DB795E8816CD}"
EndProject
Project("{FAE04EC0-301F-11D3-BF4B-00C04F79EFBC}") = "EpicGames.Serialization", "D:\EpicLibrary\UE_5.3\Engine\Source\Programs\Shared\EpicGames.Serialization\EpicGames.Serialization.csproj", "{396834E6-FCC3-3C25-86D9-7629425D8C11}"
EndProject
Project("{FAE04EC0-301F-11D3-BF4B-00C04F79EFBC}") = "EpicGames.Slack", "D:\EpicLibrary\UE_5.3\Engine\Source\Programs\Shared\EpicGames.Slack\EpicGames.Slack.csproj", "{DA87A2D4-79E1-3E2A-B7CA-7839CE7512B9}"
EndProject
Project("{FAE04EC0-301F-11D3-BF4B-00C04F79EFBC}") = "EpicGames.Tracing", "D:\EpicLibrary\UE_5.3\Engine\Source\Programs\Shared\EpicGames.Tracing\EpicGames.Tracing.csproj", "{D58B4B30-FC11-3213-8ED1-E63B8E0AE1C2}"
EndProject
Project("{FAE04EC0-301F-11D3-BF4B-00C04F79EFBC}") = "EpicGames.UHT", "D:\EpicLibrary\UE_5.3\Engine\Source\Programs\Shared\EpicGames.UHT\EpicGames.UHT.csproj", "{01B05304-8441-3F35-BE5E-0B52EFE3CF1D}"
EndProject
Project("{FAE04EC0-301F-11D3-BF4B-00C04F79EFBC}") = "cgt365ModuleRules", "Intermediate\Build\BuildRulesProjects\cgt365ModuleRules\cgt365ModuleRules.csproj", "{7E01A0A5-1661-3454-949D-715E408F3A19}"
EndProject
Project("{FAE04EC0-301F-11D3-BF4B-00C04F79EFBC}") = "UE5ProgramRules", "D:\EpicLibrary\UE_5.3\Engine\Intermediate\Build\BuildRulesProjects\UE5ProgramRules\UE5ProgramRules.csproj", "{3A290F1C-094D-3B6E-8245-9603E3BD4D00}"
EndProject
Project("{FAE04EC0-301F-11D3-BF4B-00C04F79EFBC}") = "UE5Rules", "D:\EpicLibrary\UE_5.3\Engine\Intermediate\Build\BuildRulesProjects\UE5Rules\UE5Rules.csproj", "{88FBC286-FE32-3D9F-9B59-ED186128F781}"
EndProject
Project("{2150E333-8FDC-42A3-9474-1A3956D46DE8}") = "Visualizers", "Visualizers", "{1CCEC849-CC72-4C59-8C36-2F7C38706D4C}"
	ProjectSection(SolutionItems) = preProject
		D:\EpicLibrary\UE_5.3\Engine\Extras\VisualStudioDebugging\Unreal.natvis = D:\EpicLibrary\UE_5.3\Engine\Extras\VisualStudioDebugging\Unreal.natvis
		D:\EpicLibrary\UE_5.3\Engine\Extras\VisualStudioDebugging\Unreal.natstepfilter = D:\EpicLibrary\UE_5.3\Engine\Extras\VisualStudioDebugging\Unreal.natstepfilter
	EndProjectSection
EndProject
Global
	GlobalSection(SolutionConfigurationPlatforms) = preSolution
		DebugGame Editor|Win64 = DebugGame Editor|Win64
		DebugGame|Win64 = DebugGame|Win64
		Development Editor|Win64 = Development Editor|Win64
		Development|Win64 = Development|Win64
		Shipping|Win64 = Shipping|Win64
	EndGlobalSection
	# UnrealVS Section
	GlobalSection(ddbf523f-7eb6-4887-bd51-85a714ff87eb) = preSolution
		AvailablePlatforms=Win64
	EndGlobalSection
	GlobalSection(ProjectConfigurationPlatforms) = postSolution
		{FF3B5FCD-1B20-3CEF-807D-CBC1E9B1FD46}.DebugGame Editor|Win64.ActiveCfg = DebugGame_Editor|x64
		{FF3B5FCD-1B20-3CEF-807D-CBC1E9B1FD46}.DebugGame Editor|Win64.Build.0 = DebugGame_Editor|x64
		{FF3B5FCD-1B20-3CEF-807D-CBC1E9B1FD46}.DebugGame|Win64.ActiveCfg = DebugGame|x64
		{FF3B5FCD-1B20-3CEF-807D-CBC1E9B1FD46}.DebugGame|Win64.Build.0 = DebugGame|x64
		{FF3B5FCD-1B20-3CEF-807D-CBC1E9B1FD46}.Development Editor|Win64.ActiveCfg = Development_Editor|x64
		{FF3B5FCD-1B20-3CEF-807D-CBC1E9B1FD46}.Development Editor|Win64.Build.0 = Development_Editor|x64
		{FF3B5FCD-1B20-3CEF-807D-CBC1E9B1FD46}.Development|Win64.ActiveCfg = Development|x64
		{FF3B5FCD-1B20-3CEF-807D-CBC1E9B1FD46}.Development|Win64.Build.0 = Development|x64
		{FF3B5FCD-1B20-3CEF-807D-CBC1E9B1FD46}.Shipping|Win64.ActiveCfg = Shipping|x64
		{FF3B5FCD-1B20-3CEF-807D-CBC1E9B1FD46}.Shipping|Win64.Build.0 = Shipping|x64
		{2D4D3A89-EBC5-3C80-9C41-B3CD8AA4A64E}.DebugGame Editor|Win64.ActiveCfg = BuiltWithUnrealBuildTool|Win64
		{2D4D3A89-EBC5-3C80-9C41-B3CD8AA4A64E}.DebugGame|Win64.ActiveCfg = BuiltWithUnrealBuildTool|Win64
		{2D4D3A89-EBC5-3C80-9C41-B3CD8AA4A64E}.Development Editor|Win64.ActiveCfg = BuiltWithUnrealBuildTool|Win64
		{2D4D3A89-EBC5-3C80-9C41-B3CD8AA4A64E}.Development|Win64.ActiveCfg = BuiltWithUnrealBuildTool|Win64
		{2D4D3A89-EBC5-3C80-9C41-B3CD8AA4A64E}.Shipping|Win64.ActiveCfg = BuiltWithUnrealBuildTool|Win64
		{07C72435-D417-3582-9EA3-C7E394EB6D77}.DebugGame Editor|Win64.ActiveCfg = Development|Any CPU
		{07C72435-D417-3582-9EA3-C7E394EB6D77}.DebugGame Editor|Win64.Build.0 = Development|Any CPU
		{07C72435-D417-3582-9EA3-C7E394EB6D77}.DebugGame|Win64.ActiveCfg = Development|Any CPU
		{07C72435-D417-3582-9EA3-C7E394EB6D77}.DebugGame|Win64.Build.0 = Development|Any CPU
		{07C72435-D417-3582-9EA3-C7E394EB6D77}.Development Editor|Win64.ActiveCfg = Development|Any CPU
		{07C72435-D417-3582-9EA3-C7E394EB6D77}.Development Editor|Win64.Build.0 = Development|Any CPU
		{07C72435-D417-3582-9EA3-C7E394EB6D77}.Development|Win64.ActiveCfg = Development|Any CPU
		{07C72435-D417-3582-9EA3-C7E394EB6D77}.Development|Win64.Build.0 = Development|Any CPU
		{07C72435-D417-3582-9EA3-C7E394EB6D77}.Shipping|Win64.ActiveCfg = Development|Any CPU
		{07C72435-D417-3582-9EA3-C7E394EB6D77}.Shipping|Win64.Build.0 = Development|Any CPU
		{687BD9DD-D32A-36E2-950B-EECC131BFF30}.DebugGame Editor|Win64.ActiveCfg = Development|Any CPU
		{687BD9DD-D32A-36E2-950B-EECC131BFF30}.DebugGame Editor|Win64.Build.0 = Development|Any CPU
		{687BD9DD-D32A-36E2-950B-EECC131BFF30}.DebugGame|Win64.ActiveCfg = Development|Any CPU
		{687BD9DD-D32A-36E2-950B-EECC131BFF30}.DebugGame|Win64.Build.0 = Development|Any CPU
		{687BD9DD-D32A-36E2-950B-EECC131BFF30}.Development Editor|Win64.ActiveCfg = Development|Any CPU
		{687BD9DD-D32A-36E2-950B-EECC131BFF30}.Development Editor|Win64.Build.0 = Development|Any CPU
		{687BD9DD-D32A-36E2-950B-EECC131BFF30}.Development|Win64.ActiveCfg = Development|Any CPU
		{687BD9DD-D32A-36E2-950B-EECC131BFF30}.Development|Win64.Build.0 = Development|Any CPU
		{687BD9DD-D32A-36E2-950B-EECC131BFF30}.Shipping|Win64.ActiveCfg = Development|Any CPU
		{687BD9DD-D32A-36E2-950B-EECC131BFF30}.Shipping|Win64.Build.0 = Development|Any CPU
		{D18588A9-01A9-3E17-88E1-1868F479CAA5}.DebugGame Editor|Win64.ActiveCfg = Development|Any CPU
		{D18588A9-01A9-3E17-88E1-1868F479CAA5}.DebugGame Editor|Win64.Build.0 = Development|Any CPU
		{D18588A9-01A9-3E17-88E1-1868F479CAA5}.DebugGame|Win64.ActiveCfg = Development|Any CPU
		{D18588A9-01A9-3E17-88E1-1868F479CAA5}.DebugGame|Win64.Build.0 = Development|Any CPU
		{D18588A9-01A9-3E17-88E1-1868F479CAA5}.Development Editor|Win64.ActiveCfg = Development|Any CPU
		{D18588A9-01A9-3E17-88E1-1868F479CAA5}.Development Editor|Win64.Build.0 = Development|Any CPU
		{D18588A9-01A9-3E17-88E1-1868F479CAA5}.Development|Win64.ActiveCfg = Development|Any CPU
		{D18588A9-01A9-3E17-88E1-1868F479CAA5}.Development|Win64.Build.0 = Development|Any CPU
		{D18588A9-01A9-3E17-88E1-1868F479CAA5}.Shipping|Win64.ActiveCfg = Development|Any CPU
		{D18588A9-01A9-3E17-88E1-1868F479CAA5}.Shipping|Win64.Build.0 = Development|Any CPU
		{BD604B3C-AE68-3D19-9621-DF8B98C7998B}.DebugGame Editor|Win64.ActiveCfg = Development|Any CPU
		{BD604B3C-AE68-3D19-9621-DF8B98C7998B}.DebugGame Editor|Win64.Build.0 = Development|Any CPU
		{BD604B3C-AE68-3D19-9621-DF8B98C7998B}.DebugGame|Win64.ActiveCfg = Development|Any CPU
		{BD604B3C-AE68-3D19-9621-DF8B98C7998B}.DebugGame|Win64.Build.0 = Development|Any CPU
		{BD604B3C-AE68-3D19-9621-DF8B98C7998B}.Development Editor|Win64.ActiveCfg = Development|Any CPU
		{BD604B3C-AE68-3D19-9621-DF8B98C7998B}.Development Editor|Win64.Build.0 = Development|Any CPU
		{BD604B3C-AE68-3D19-9621-DF8B98C7998B}.Development|Win64.ActiveCfg = Development|Any CPU
		{BD604B3C-AE68-3D19-9621-DF8B98C7998B}.Development|Win64.Build.0 = Development|Any CPU
		{BD604B3C-AE68-3D19-9621-DF8B98C7998B}.Shipping|Win64.ActiveCfg = Development|Any CPU
		{BD604B3C-AE68-3D19-9621-DF8B98C7998B}.Shipping|Win64.Build.0 = Development|Any CPU
		{06698AE5-46A8-396D-BE58-002EF01364F1}.DebugGame Editor|Win64.ActiveCfg = Development|Any CPU
		{06698AE5-46A8-396D-BE58-002EF01364F1}.DebugGame Editor|Win64.Build.0 = Development|Any CPU
		{06698AE5-46A8-396D-BE58-002EF01364F1}.DebugGame|Win64.ActiveCfg = Development|Any CPU
		{06698AE5-46A8-396D-BE58-002EF01364F1}.DebugGame|Win64.Build.0 = Development|Any CPU
		{06698AE5-46A8-396D-BE58-002EF01364F1}.Development Editor|Win64.ActiveCfg = Development|Any CPU
		{06698AE5-46A8-396D-BE58-002EF01364F1}.Development Editor|Win64.Build.0 = Development|Any CPU
		{06698AE5-46A8-396D-BE58-002EF01364F1}.Development|Win64.ActiveCfg = Development|Any CPU
		{06698AE5-46A8-396D-BE58-002EF01364F1}.Development|Win64.Build.0 = Development|Any CPU
		{06698AE5-46A8-396D-BE58-002EF01364F1}.Shipping|Win64.ActiveCfg = Development|Any CPU
		{06698AE5-46A8-396D-BE58-002EF01364F1}.Shipping|Win64.Build.0 = Development|Any CPU
		{77324CB4-9EB3-39C6-A41A-E19FA6FBCD4C}.DebugGame Editor|Win64.ActiveCfg = Development|Any CPU
		{77324CB4-9EB3-39C6-A41A-E19FA6FBCD4C}.DebugGame Editor|Win64.Build.0 = Development|Any CPU
		{77324CB4-9EB3-39C6-A41A-E19FA6FBCD4C}.DebugGame|Win64.ActiveCfg = Development|Any CPU
		{77324CB4-9EB3-39C6-A41A-E19FA6FBCD4C}.DebugGame|Win64.Build.0 = Development|Any CPU
		{77324CB4-9EB3-39C6-A41A-E19FA6FBCD4C}.Development Editor|Win64.ActiveCfg = Development|Any CPU
		{77324CB4-9EB3-39C6-A41A-E19FA6FBCD4C}.Development Editor|Win64.Build.0 = Development|Any CPU
		{77324CB4-9EB3-39C6-A41A-E19FA6FBCD4C}.Development|Win64.ActiveCfg = Development|Any CPU
		{77324CB4-9EB3-39C6-A41A-E19FA6FBCD4C}.Development|Win64.Build.0 = Development|Any CPU
		{77324CB4-9EB3-39C6-A41A-E19FA6FBCD4C}.Shipping|Win64.ActiveCfg = Development|Any CPU
		{77324CB4-9EB3-39C6-A41A-E19FA6FBCD4C}.Shipping|Win64.Build.0 = Development|Any CPU
		{2BF9B5BA-F13F-3206-86D6-9FB1ECC93142}.DebugGame Editor|Win64.ActiveCfg = Development|Any CPU
		{2BF9B5BA-F13F-3206-86D6-9FB1ECC93142}.DebugGame Editor|Win64.Build.0 = Development|Any CPU
		{2BF9B5BA-F13F-3206-86D6-9FB1ECC93142}.DebugGame|Win64.ActiveCfg = Development|Any CPU
		{2BF9B5BA-F13F-3206-86D6-9FB1ECC93142}.DebugGame|Win64.Build.0 = Development|Any CPU
		{2BF9B5BA-F13F-3206-86D6-9FB1ECC93142}.Development Editor|Win64.ActiveCfg = Development|Any CPU
		{2BF9B5BA-F13F-3206-86D6-9FB1ECC93142}.Development Editor|Win64.Build.0 = Development|Any CPU
		{2BF9B5BA-F13F-3206-86D6-9FB1ECC93142}.Development|Win64.ActiveCfg = Development|Any CPU
		{2BF9B5BA-F13F-3206-86D6-9FB1ECC93142}.Development|Win64.Build.0 = Development|Any CPU
		{2BF9B5BA-F13F-3206-86D6-9FB1ECC93142}.Shipping|Win64.ActiveCfg = Development|Any CPU
		{2BF9B5BA-F13F-3206-86D6-9FB1ECC93142}.Shipping|Win64.Build.0 = Development|Any CPU
		{F10519FD-7C37-37BF-BDD5-FB93C46392C8}.DebugGame Editor|Win64.ActiveCfg = Development|Any CPU
		{F10519FD-7C37-37BF-BDD5-FB93C46392C8}.DebugGame Editor|Win64.Build.0 = Development|Any CPU
		{F10519FD-7C37-37BF-BDD5-FB93C46392C8}.DebugGame|Win64.ActiveCfg = Development|Any CPU
		{F10519FD-7C37-37BF-BDD5-FB93C46392C8}.DebugGame|Win64.Build.0 = Development|Any CPU
		{F10519FD-7C37-37BF-BDD5-FB93C46392C8}.Development Editor|Win64.ActiveCfg = Development|Any CPU
		{F10519FD-7C37-37BF-BDD5-FB93C46392C8}.Development Editor|Win64.Build.0 = Development|Any CPU
		{F10519FD-7C37-37BF-BDD5-FB93C46392C8}.Development|Win64.ActiveCfg = Development|Any CPU
		{F10519FD-7C37-37BF-BDD5-FB93C46392C8}.Development|Win64.Build.0 = Development|Any CPU
		{F10519FD-7C37-37BF-BDD5-FB93C46392C8}.Shipping|Win64.ActiveCfg = Development|Any CPU
		{F10519FD-7C37-37BF-BDD5-FB93C46392C8}.Shipping|Win64.Build.0 = Development|Any CPU
		{8795009B-C571-371D-9CCF-57BF8CAF176D}.DebugGame Editor|Win64.ActiveCfg = Development|Any CPU
		{8795009B-C571-371D-9CCF-57BF8CAF176D}.DebugGame Editor|Win64.Build.0 = Development|Any CPU
		{8795009B-C571-371D-9CCF-57BF8CAF176D}.DebugGame|Win64.ActiveCfg = Development|Any CPU
		{8795009B-C571-371D-9CCF-57BF8CAF176D}.DebugGame|Win64.Build.0 = Development|Any CPU
		{8795009B-C571-371D-9CCF-57BF8CAF176D}.Development Editor|Win64.ActiveCfg = Development|Any CPU
		{8795009B-C571-371D-9CCF-57BF8CAF176D}.Development Editor|Win64.Build.0 = Development|Any CPU
		{8795009B-C571-371D-9CCF-57BF8CAF176D}.Development|Win64.ActiveCfg = Development|Any CPU
		{8795009B-C571-371D-9CCF-57BF8CAF176D}.Development|Win64.Build.0 = Development|Any CPU
		{8795009B-C571-371D-9CCF-57BF8CAF176D}.Shipping|Win64.ActiveCfg = Development|Any CPU
		{8795009B-C571-371D-9CCF-57BF8CAF176D}.Shipping|Win64.Build.0 = Development|Any CPU
		{2D1F1C32-73AD-3F89-86B5-43DF7E90B6A7}.DebugGame Editor|Win64.ActiveCfg = Development|Any CPU
		{2D1F1C32-73AD-3F89-86B5-43DF7E90B6A7}.DebugGame Editor|Win64.Build.0 = Development|Any CPU
		{2D1F1C32-73AD-3F89-86B5-43DF7E90B6A7}.DebugGame|Win64.ActiveCfg = Development|Any CPU
		{2D1F1C32-73AD-3F89-86B5-43DF7E90B6A7}.DebugGame|Win64.Build.0 = Development|Any CPU
		{2D1F1C32-73AD-3F89-86B5-43DF7E90B6A7}.Development Editor|Win64.ActiveCfg = Development|Any CPU
		{2D1F1C32-73AD-3F89-86B5-43DF7E90B6A7}.Development Editor|Win64.Build.0 = Development|Any CPU
		{2D1F1C32-73AD-3F89-86B5-43DF7E90B6A7}.Development|Win64.ActiveCfg = Development|Any CPU
		{2D1F1C32-73AD-3F89-86B5-43DF7E90B6A7}.Development|Win64.Build.0 = Development|Any CPU
		{2D1F1C32-73AD-3F89-86B5-43DF7E90B6A7}.Shipping|Win64.ActiveCfg = Development|Any CPU
		{2D1F1C32-73AD-3F89-86B5-43DF7E90B6A7}.Shipping|Win64.Build.0 = Development|Any CPU
		{853374FA-84D5-3352-A761-87F067C09737}.DebugGame Editor|Win64.ActiveCfg = Development|Any CPU
		{853374FA-84D5-3352-A761-87F067C09737}.DebugGame Editor|Win64.Build.0 = Development|Any CPU
		{853374FA-84D5-3352-A761-87F067C09737}.DebugGame|Win64.ActiveCfg = Development|Any CPU
		{853374FA-84D5-3352-A761-87F067C09737}.DebugGame|Win64.Build.0 = Development|Any CPU
		{853374FA-84D5-3352-A761-87F067C09737}.Development Editor|Win64.ActiveCfg = Development|Any CPU
		{853374FA-84D5-3352-A761-87F067C09737}.Development Editor|Win64.Build.0 = Development|Any CPU
		{853374FA-84D5-3352-A761-87F067C09737}.Development|Win64.ActiveCfg = Development|Any CPU
		{853374FA-84D5-3352-A761-87F067C09737}.Development|Win64.Build.0 = Development|Any CPU
		{853374FA-84D5-3352-A761-87F067C09737}.Shipping|Win64.ActiveCfg = Development|Any CPU
		{853374FA-84D5-3352-A761-87F067C09737}.Shipping|Win64.Build.0 = Development|Any CPU
		{8F7AD15E-EE7C-35AF-B898-C01BCA99DEFD}.DebugGame Editor|Win64.ActiveCfg = Development|Any CPU
		{8F7AD15E-EE7C-35AF-B898-C01BCA99DEFD}.DebugGame Editor|Win64.Build.0 = Development|Any CPU
		{8F7AD15E-EE7C-35AF-B898-C01BCA99DEFD}.DebugGame|Win64.ActiveCfg = Development|Any CPU
		{8F7AD15E-EE7C-35AF-B898-C01BCA99DEFD}.DebugGame|Win64.Build.0 = Development|Any CPU
		{8F7AD15E-EE7C-35AF-B898-C01BCA99DEFD}.Development Editor|Win64.ActiveCfg = Development|Any CPU
		{8F7AD15E-EE7C-35AF-B898-C01BCA99DEFD}.Development Editor|Win64.Build.0 = Development|Any CPU
		{8F7AD15E-EE7C-35AF-B898-C01BCA99DEFD}.Development|Win64.ActiveCfg = Development|Any CPU
		{8F7AD15E-EE7C-35AF-B898-C01BCA99DEFD}.Development|Win64.Build.0 = Development|Any CPU
		{8F7AD15E-EE7C-35AF-B898-C01BCA99DEFD}.Shipping|Win64.ActiveCfg = Development|Any CPU
		{8F7AD15E-EE7C-35AF-B898-C01BCA99DEFD}.Shipping|Win64.Build.0 = Development|Any CPU
		{5811602F-954F-3F73-B971-D78D761D493C}.DebugGame Editor|Win64.ActiveCfg = Development|Any CPU
		{5811602F-954F-3F73-B971-D78D761D493C}.DebugGame Editor|Win64.Build.0 = Development|Any CPU
		{5811602F-954F-3F73-B971-D78D761D493C}.DebugGame|Win64.ActiveCfg = Development|Any CPU
		{5811602F-954F-3F73-B971-D78D761D493C}.DebugGame|Win64.Build.0 = Development|Any CPU
		{5811602F-954F-3F73-B971-D78D761D493C}.Development Editor|Win64.ActiveCfg = Development|Any CPU
		{5811602F-954F-3F73-B971-D78D761D493C}.Development Editor|Win64.Build.0 = Development|Any CPU
		{5811602F-954F-3F73-B971-D78D761D493C}.Development|Win64.ActiveCfg = Development|Any CPU
		{5811602F-954F-3F73-B971-D78D761D493C}.Development|Win64.Build.0 = Development|Any CPU
		{5811602F-954F-3F73-B971-D78D761D493C}.Shipping|Win64.ActiveCfg = Development|Any CPU
		{5811602F-954F-3F73-B971-D78D761D493C}.Shipping|Win64.Build.0 = Development|Any CPU
		{9B728B41-7A3A-367E-93F3-2AADD971F617}.DebugGame Editor|Win64.ActiveCfg = Development|Any CPU
		{9B728B41-7A3A-367E-93F3-2AADD971F617}.DebugGame Editor|Win64.Build.0 = Development|Any CPU
		{9B728B41-7A3A-367E-93F3-2AADD971F617}.DebugGame|Win64.ActiveCfg = Development|Any CPU
		{9B728B41-7A3A-367E-93F3-2AADD971F617}.DebugGame|Win64.Build.0 = Development|Any CPU
		{9B728B41-7A3A-367E-93F3-2AADD971F617}.Development Editor|Win64.ActiveCfg = Development|Any CPU
		{9B728B41-7A3A-367E-93F3-2AADD971F617}.Development Editor|Win64.Build.0 = Development|Any CPU
		{9B728B41-7A3A-367E-93F3-2AADD971F617}.Development|Win64.ActiveCfg = Development|Any CPU
		{9B728B41-7A3A-367E-93F3-2AADD971F617}.Development|Win64.Build.0 = Development|Any CPU
		{9B728B41-7A3A-367E-93F3-2AADD971F617}.Shipping|Win64.ActiveCfg = Development|Any CPU
		{9B728B41-7A3A-367E-93F3-2AADD971F617}.Shipping|Win64.Build.0 = Development|Any CPU
		{ADD67CAD-7F13-30CF-8FA8-4440A880FBCB}.DebugGame Editor|Win64.ActiveCfg = Development|Any CPU
		{ADD67CAD-7F13-30CF-8FA8-4440A880FBCB}.DebugGame Editor|Win64.Build.0 = Development|Any CPU
		{ADD67CAD-7F13-30CF-8FA8-4440A880FBCB}.DebugGame|Win64.ActiveCfg = Development|Any CPU
		{ADD67CAD-7F13-30CF-8FA8-4440A880FBCB}.DebugGame|Win64.Build.0 = Development|Any CPU
		{ADD67CAD-7F13-30CF-8FA8-4440A880FBCB}.Development Editor|Win64.ActiveCfg = Development|Any CPU
		{ADD67CAD-7F13-30CF-8FA8-4440A880FBCB}.Development Editor|Win64.Build.0 = Development|Any CPU
		{ADD67CAD-7F13-30CF-8FA8-4440A880FBCB}.Development|Win64.ActiveCfg = Development|Any CPU
		{ADD67CAD-7F13-30CF-8FA8-4440A880FBCB}.Development|Win64.Build.0 = Development|Any CPU
		{ADD67CAD-7F13-30CF-8FA8-4440A880FBCB}.Shipping|Win64.ActiveCfg = Development|Any CPU
		{ADD67CAD-7F13-30CF-8FA8-4440A880FBCB}.Shipping|Win64.Build.0 = Development|Any CPU
		{09CAC0EE-ACD4-350F-8F86-9B280DC2E43F}.DebugGame Editor|Win64.ActiveCfg = Development|Any CPU
		{09CAC0EE-ACD4-350F-8F86-9B280DC2E43F}.DebugGame Editor|Win64.Build.0 = Development|Any CPU
		{09CAC0EE-ACD4-350F-8F86-9B280DC2E43F}.DebugGame|Win64.ActiveCfg = Development|Any CPU
		{09CAC0EE-ACD4-350F-8F86-9B280DC2E43F}.DebugGame|Win64.Build.0 = Development|Any CPU
		{09CAC0EE-ACD4-350F-8F86-9B280DC2E43F}.Development Editor|Win64.ActiveCfg = Development|Any CPU
		{09CAC0EE-ACD4-350F-8F86-9B280DC2E43F}.Development Editor|Win64.Build.0 = Development|Any CPU
		{09CAC0EE-ACD4-350F-8F86-9B280DC2E43F}.Development|Win64.ActiveCfg = Development|Any CPU
		{09CAC0EE-ACD4-350F-8F86-9B280DC2E43F}.Development|Win64.Build.0 = Development|Any CPU
		{09CAC0EE-ACD4-350F-8F86-9B280DC2E43F}.Shipping|Win64.ActiveCfg = Development|Any CPU
		{09CAC0EE-ACD4-350F-8F86-9B280DC2E43F}.Shipping|Win64.Build.0 = Development|Any CPU
		{8E93D8D3-D0A9-3084-BC5B-304C222E5722}.DebugGame Editor|Win64.ActiveCfg = Development|Any CPU
		{8E93D8D3-D0A9-3084-BC5B-304C222E5722}.DebugGame Editor|Win64.Build.0 = Development|Any CPU
		{8E93D8D3-D0A9-3084-BC5B-304C222E5722}.DebugGame|Win64.ActiveCfg = Development|Any CPU
		{8E93D8D3-D0A9-3084-BC5B-304C222E5722}.DebugGame|Win64.Build.0 = Development|Any CPU
		{8E93D8D3-D0A9-3084-BC5B-304C222E5722}.Development Editor|Win64.ActiveCfg = Development|Any CPU
		{8E93D8D3-D0A9-3084-BC5B-304C222E5722}.Development Editor|Win64.Build.0 = Development|Any CPU
		{8E93D8D3-D0A9-3084-BC5B-304C222E5722}.Development|Win64.ActiveCfg = Development|Any CPU
		{8E93D8D3-D0A9-3084-BC5B-304C222E5722}.Development|Win64.Build.0 = Development|Any CPU
		{8E93D8D3-D0A9-3084-BC5B-304C222E5722}.Shipping|Win64.ActiveCfg = Development|Any CPU
		{8E93D8D3-D0A9-3084-BC5B-304C222E5722}.Shipping|Win64.Build.0 = Development|Any CPU
		{445AD681-345F-3A20-A8BF-1DA50C0B352A}.DebugGame Editor|Win64.ActiveCfg = Development|Any CPU
		{445AD681-345F-3A20-A8BF-1DA50C0B352A}.DebugGame Editor|Win64.Build.0 = Development|Any CPU
		{445AD681-345F-3A20-A8BF-1DA50C0B352A}.DebugGame|Win64.ActiveCfg = Development|Any CPU
		{445AD681-345F-3A20-A8BF-1DA50C0B352A}.DebugGame|Win64.Build.0 = Development|Any CPU
		{445AD681-345F-3A20-A8BF-1DA50C0B352A}.Development Editor|Win64.ActiveCfg = Development|Any CPU
		{445AD681-345F-3A20-A8BF-1DA50C0B352A}.Development Editor|Win64.Build.0 = Development|Any CPU
		{445AD681-345F-3A20-A8BF-1DA50C0B352A}.Development|Win64.ActiveCfg = Development|Any CPU
		{445AD681-345F-3A20-A8BF-1DA50C0B352A}.Development|Win64.Build.0 = Development|Any CPU
		{445AD681-345F-3A20-A8BF-1DA50C0B352A}.Shipping|Win64.ActiveCfg = Development|Any CPU
		{445AD681-345F-3A20-A8BF-1DA50C0B352A}.Shipping|Win64.Build.0 = Development|Any CPU
		{D67312AD-708B-37EA-8787-EFFE22D79612}.DebugGame Editor|Win64.ActiveCfg = Development|Any CPU
		{D67312AD-708B-37EA-8787-EFFE22D79612}.DebugGame Editor|Win64.Build.0 = Development|Any CPU
		{D67312AD-708B-37EA-8787-EFFE22D79612}.DebugGame|Win64.ActiveCfg = Development|Any CPU
		{D67312AD-708B-37EA-8787-EFFE22D79612}.DebugGame|Win64.Build.0 = Development|Any CPU
		{D67312AD-708B-37EA-8787-EFFE22D79612}.Development Editor|Win64.ActiveCfg = Development|Any CPU
		{D67312AD-708B-37EA-8787-EFFE22D79612}.Development Editor|Win64.Build.0 = Development|Any CPU
		{D67312AD-708B-37EA-8787-EFFE22D79612}.Development|Win64.ActiveCfg = Development|Any CPU
		{D67312AD-708B-37EA-8787-EFFE22D79612}.Development|Win64.Build.0 = Development|Any CPU
		{D67312AD-708B-37EA-8787-EFFE22D79612}.Shipping|Win64.ActiveCfg = Development|Any CPU
		{D67312AD-708B-37EA-8787-EFFE22D79612}.Shipping|Win64.Build.0 = Development|Any CPU
		{6C2A99E2-9E8F-3674-B801-DE73B57A2CEE}.DebugGame Editor|Win64.ActiveCfg = Development|Any CPU
		{6C2A99E2-9E8F-3674-B801-DE73B57A2CEE}.DebugGame Editor|Win64.Build.0 = Development|Any CPU
		{6C2A99E2-9E8F-3674-B801-DE73B57A2CEE}.DebugGame|Win64.ActiveCfg = Development|Any CPU
		{6C2A99E2-9E8F-3674-B801-DE73B57A2CEE}.DebugGame|Win64.Build.0 = Development|Any CPU
		{6C2A99E2-9E8F-3674-B801-DE73B57A2CEE}.Development Editor|Win64.ActiveCfg = Development|Any CPU
		{6C2A99E2-9E8F-3674-B801-DE73B57A2CEE}.Development Editor|Win64.Build.0 = Development|Any CPU
		{6C2A99E2-9E8F-3674-B801-DE73B57A2CEE}.Development|Win64.ActiveCfg = Development|Any CPU
		{6C2A99E2-9E8F-3674-B801-DE73B57A2CEE}.Development|Win64.Build.0 = Development|Any CPU
		{6C2A99E2-9E8F-3674-B801-DE73B57A2CEE}.Shipping|Win64.ActiveCfg = Development|Any CPU
		{6C2A99E2-9E8F-3674-B801-DE73B57A2CEE}.Shipping|Win64.Build.0 = Development|Any CPU
		{03763061-C1DA-36C6-90DE-589E8EC9FB99}.DebugGame Editor|Win64.ActiveCfg = Development|Any CPU
		{03763061-C1DA-36C6-90DE-589E8EC9FB99}.DebugGame Editor|Win64.Build.0 = Development|Any CPU
		{03763061-C1DA-36C6-90DE-589E8EC9FB99}.DebugGame|Win64.ActiveCfg = Development|Any CPU
		{03763061-C1DA-36C6-90DE-589E8EC9FB99}.DebugGame|Win64.Build.0 = Development|Any CPU
		{03763061-C1DA-36C6-90DE-589E8EC9FB99}.Development Editor|Win64.ActiveCfg = Development|Any CPU
		{03763061-C1DA-36C6-90DE-589E8EC9FB99}.Development Editor|Win64.Build.0 = Development|Any CPU
		{03763061-C1DA-36C6-90DE-589E8EC9FB99}.Development|Win64.ActiveCfg = Development|Any CPU
		{03763061-C1DA-36C6-90DE-589E8EC9FB99}.Development|Win64.Build.0 = Development|Any CPU
		{03763061-C1DA-36C6-90DE-589E8EC9FB99}.Shipping|Win64.ActiveCfg = Development|Any CPU
		{03763061-C1DA-36C6-90DE-589E8EC9FB99}.Shipping|Win64.Build.0 = Development|Any CPU
		{F36FC1E7-6CEA-3EA0-8DA1-F2A82057DF7E}.DebugGame Editor|Win64.ActiveCfg = Development|Any CPU
		{F36FC1E7-6CEA-3EA0-8DA1-F2A82057DF7E}.DebugGame Editor|Win64.Build.0 = Development|Any CPU
		{F36FC1E7-6CEA-3EA0-8DA1-F2A82057DF7E}.DebugGame|Win64.ActiveCfg = Development|Any CPU
		{F36FC1E7-6CEA-3EA0-8DA1-F2A82057DF7E}.DebugGame|Win64.Build.0 = Development|Any CPU
		{F36FC1E7-6CEA-3EA0-8DA1-F2A82057DF7E}.Development Editor|Win64.ActiveCfg = Development|Any CPU
		{F36FC1E7-6CEA-3EA0-8DA1-F2A82057DF7E}.Development Editor|Win64.Build.0 = Development|Any CPU
		{F36FC1E7-6CEA-3EA0-8DA1-F2A82057DF7E}.Development|Win64.ActiveCfg = Development|Any CPU
		{F36FC1E7-6CEA-3EA0-8DA1-F2A82057DF7E}.Development|Win64.Build.0 = Development|Any CPU
		{F36FC1E7-6CEA-3EA0-8DA1-F2A82057DF7E}.Shipping|Win64.ActiveCfg = Development|Any CPU
		{F36FC1E7-6CEA-3EA0-8DA1-F2A82057DF7E}.Shipping|Win64.Build.0 = Development|Any CPU
		{74A17198-674A-3C69-AFF9-51D2175A50BE}.DebugGame Editor|Win64.ActiveCfg = Development|Any CPU
		{74A17198-674A-3C69-AFF9-51D2175A50BE}.DebugGame Editor|Win64.Build.0 = Development|Any CPU
		{74A17198-674A-3C69-AFF9-51D2175A50BE}.DebugGame|Win64.ActiveCfg = Development|Any CPU
		{74A17198-674A-3C69-AFF9-51D2175A50BE}.DebugGame|Win64.Build.0 = Development|Any CPU
		{74A17198-674A-3C69-AFF9-51D2175A50BE}.Development Editor|Win64.ActiveCfg = Development|Any CPU
		{74A17198-674A-3C69-AFF9-51D2175A50BE}.Development Editor|Win64.Build.0 = Development|Any CPU
		{74A17198-674A-3C69-AFF9-51D2175A50BE}.Development|Win64.ActiveCfg = Development|Any CPU
		{74A17198-674A-3C69-AFF9-51D2175A50BE}.Development|Win64.Build.0 = Development|Any CPU
		{74A17198-674A-3C69-AFF9-51D2175A50BE}.Shipping|Win64.ActiveCfg = Development|Any CPU
		{74A17198-674A-3C69-AFF9-51D2175A50BE}.Shipping|Win64.Build.0 = Development|Any CPU
		{CBBB2FEF-4321-332C-AF0B-0DA0D65FA6A2}.DebugGame Editor|Win64.ActiveCfg = Development|Any CPU
		{CBBB2FEF-4321-332C-AF0B-0DA0D65FA6A2}.DebugGame Editor|Win64.Build.0 = Development|Any CPU
		{CBBB2FEF-4321-332C-AF0B-0DA0D65FA6A2}.DebugGame|Win64.ActiveCfg = Development|Any CPU
		{CBBB2FEF-4321-332C-AF0B-0DA0D65FA6A2}.DebugGame|Win64.Build.0 = Development|Any CPU
		{CBBB2FEF-4321-332C-AF0B-0DA0D65FA6A2}.Development Editor|Win64.ActiveCfg = Development|Any CPU
		{CBBB2FEF-4321-332C-AF0B-0DA0D65FA6A2}.Development Editor|Win64.Build.0 = Development|Any CPU
		{CBBB2FEF-4321-332C-AF0B-0DA0D65FA6A2}.Development|Win64.ActiveCfg = Development|Any CPU
		{CBBB2FEF-4321-332C-AF0B-0DA0D65FA6A2}.Development|Win64.Build.0 = Development|Any CPU
		{CBBB2FEF-4321-332C-AF0B-0DA0D65FA6A2}.Shipping|Win64.ActiveCfg = Development|Any CPU
		{CBBB2FEF-4321-332C-AF0B-0DA0D65FA6A2}.Shipping|Win64.Build.0 = Development|Any CPU
		{015E4525-1B24-36F5-BD5F-1E3069E2361A}.DebugGame Editor|Win64.ActiveCfg = Development|Any CPU
		{015E4525-1B24-36F5-BD5F-1E3069E2361A}.DebugGame Editor|Win64.Build.0 = Development|Any CPU
		{015E4525-1B24-36F5-BD5F-1E3069E2361A}.DebugGame|Win64.ActiveCfg = Development|Any CPU
		{015E4525-1B24-36F5-BD5F-1E3069E2361A}.DebugGame|Win64.Build.0 = Development|Any CPU
		{015E4525-1B24-36F5-BD5F-1E3069E2361A}.Development Editor|Win64.ActiveCfg = Development|Any CPU
		{015E4525-1B24-36F5-BD5F-1E3069E2361A}.Development Editor|Win64.Build.0 = Development|Any CPU
		{015E4525-1B24-36F5-BD5F-1E3069E2361A}.Development|Win64.ActiveCfg = Development|Any CPU
		{015E4525-1B24-36F5-BD5F-1E3069E2361A}.Development|Win64.Build.0 = Development|Any CPU
		{015E4525-1B24-36F5-BD5F-1E3069E2361A}.Shipping|Win64.ActiveCfg = Development|Any CPU
		{015E4525-1B24-36F5-BD5F-1E3069E2361A}.Shipping|Win64.Build.0 = Development|Any CPU
		{C42AB1DE-34FA-35DB-AB03-3E1574F7CE19}.DebugGame Editor|Win64.ActiveCfg = Development|Any CPU
		{C42AB1DE-34FA-35DB-AB03-3E1574F7CE19}.DebugGame Editor|Win64.Build.0 = Development|Any CPU
		{C42AB1DE-34FA-35DB-AB03-3E1574F7CE19}.DebugGame|Win64.ActiveCfg = Development|Any CPU
		{C42AB1DE-34FA-35DB-AB03-3E1574F7CE19}.DebugGame|Win64.Build.0 = Development|Any CPU
		{C42AB1DE-34FA-35DB-AB03-3E1574F7CE19}.Development Editor|Win64.ActiveCfg = Development|Any CPU
		{C42AB1DE-34FA-35DB-AB03-3E1574F7CE19}.Development Editor|Win64.Build.0 = Development|Any CPU
		{C42AB1DE-34FA-35DB-AB03-3E1574F7CE19}.Development|Win64.ActiveCfg = Development|Any CPU
		{C42AB1DE-34FA-35DB-AB03-3E1574F7CE19}.Development|Win64.Build.0 = Development|Any CPU
		{C42AB1DE-34FA-35DB-AB03-3E1574F7CE19}.Shipping|Win64.ActiveCfg = Development|Any CPU
		{C42AB1DE-34FA-35DB-AB03-3E1574F7CE19}.Shipping|Win64.Build.0 = Development|Any CPU
		{EC676272-EF57-3695-8189-1EB2365538C0}.DebugGame Editor|Win64.ActiveCfg = Development|Any CPU
		{EC676272-EF57-3695-8189-1EB2365538C0}.DebugGame Editor|Win64.Build.0 = Development|Any CPU
		{EC676272-EF57-3695-8189-1EB2365538C0}.DebugGame|Win64.ActiveCfg = Development|Any CPU
		{EC676272-EF57-3695-8189-1EB2365538C0}.DebugGame|Win64.Build.0 = Development|Any CPU
		{EC676272-EF57-3695-8189-1EB2365538C0}.Development Editor|Win64.ActiveCfg = Development|Any CPU
		{EC676272-EF57-3695-8189-1EB2365538C0}.Development Editor|Win64.Build.0 = Development|Any CPU
		{EC676272-EF57-3695-8189-1EB2365538C0}.Development|Win64.ActiveCfg = Development|Any CPU
		{EC676272-EF57-3695-8189-1EB2365538C0}.Development|Win64.Build.0 = Development|Any CPU
		{EC676272-EF57-3695-8189-1EB2365538C0}.Shipping|Win64.ActiveCfg = Development|Any CPU
		{EC676272-EF57-3695-8189-1EB2365538C0}.Shipping|Win64.Build.0 = Development|Any CPU
		{52E49978-70BA-3C2F-B6D8-3E3FD007031F}.DebugGame Editor|Win64.ActiveCfg = Development|Any CPU
		{52E49978-70BA-3C2F-B6D8-3E3FD007031F}.DebugGame Editor|Win64.Build.0 = Development|Any CPU
		{52E49978-70BA-3C2F-B6D8-3E3FD007031F}.DebugGame|Win64.ActiveCfg = Development|Any CPU
		{52E49978-70BA-3C2F-B6D8-3E3FD007031F}.DebugGame|Win64.Build.0 = Development|Any CPU
		{52E49978-70BA-3C2F-B6D8-3E3FD007031F}.Development Editor|Win64.ActiveCfg = Development|Any CPU
		{52E49978-70BA-3C2F-B6D8-3E3FD007031F}.Development Editor|Win64.Build.0 = Development|Any CPU
		{52E49978-70BA-3C2F-B6D8-3E3FD007031F}.Development|Win64.ActiveCfg = Development|Any CPU
		{52E49978-70BA-3C2F-B6D8-3E3FD007031F}.Development|Win64.Build.0 = Development|Any CPU
		{52E49978-70BA-3C2F-B6D8-3E3FD007031F}.Shipping|Win64.ActiveCfg = Development|Any CPU
		{52E49978-70BA-3C2F-B6D8-3E3FD007031F}.Shipping|Win64.Build.0 = Development|Any CPU
		{F555B5F1-56E6-3931-B13C-E848BD82C57E}.DebugGame Editor|Win64.ActiveCfg = Development|Any CPU
		{F555B5F1-56E6-3931-B13C-E848BD82C57E}.DebugGame Editor|Win64.Build.0 = Development|Any CPU
		{F555B5F1-56E6-3931-B13C-E848BD82C57E}.DebugGame|Win64.ActiveCfg = Development|Any CPU
		{F555B5F1-56E6-3931-B13C-E848BD82C57E}.DebugGame|Win64.Build.0 = Development|Any CPU
		{F555B5F1-56E6-3931-B13C-E848BD82C57E}.Development Editor|Win64.ActiveCfg = Development|Any CPU
		{F555B5F1-56E6-3931-B13C-E848BD82C57E}.Development Editor|Win64.Build.0 = Development|Any CPU
		{F555B5F1-56E6-3931-B13C-E848BD82C57E}.Development|Win64.ActiveCfg = Development|Any CPU
		{F555B5F1-56E6-3931-B13C-E848BD82C57E}.Development|Win64.Build.0 = Development|Any CPU
		{F555B5F1-56E6-3931-B13C-E848BD82C57E}.Shipping|Win64.ActiveCfg = Development|Any CPU
		{F555B5F1-56E6-3931-B13C-E848BD82C57E}.Shipping|Win64.Build.0 = Development|Any CPU
		{F38400A0-AE06-376B-B354-125D5678C3A6}.DebugGame Editor|Win64.ActiveCfg = Development|Any CPU
		{F38400A0-AE06-376B-B354-125D5678C3A6}.DebugGame Editor|Win64.Build.0 = Development|Any CPU
		{F38400A0-AE06-376B-B354-125D5678C3A6}.DebugGame|Win64.ActiveCfg = Development|Any CPU
		{F38400A0-AE06-376B-B354-125D5678C3A6}.DebugGame|Win64.Build.0 = Development|Any CPU
		{F38400A0-AE06-376B-B354-125D5678C3A6}.Development Editor|Win64.ActiveCfg = Development|Any CPU
		{F38400A0-AE06-376B-B354-125D5678C3A6}.Development Editor|Win64.Build.0 = Development|Any CPU
		{F38400A0-AE06-376B-B354-125D5678C3A6}.Development|Win64.ActiveCfg = Development|Any CPU
		{F38400A0-AE06-376B-B354-125D5678C3A6}.Development|Win64.Build.0 = Development|Any CPU
		{F38400A0-AE06-376B-B354-125D5678C3A6}.Shipping|Win64.ActiveCfg = Development|Any CPU
		{F38400A0-AE06-376B-B354-125D5678C3A6}.Shipping|Win64.Build.0 = Development|Any CPU
		{020E6B6F-2BC2-3688-B83C-DD3C704F54FA}.DebugGame Editor|Win64.ActiveCfg = Development|Any CPU
		{020E6B6F-2BC2-3688-B83C-DD3C704F54FA}.DebugGame Editor|Win64.Build.0 = Development|Any CPU
		{020E6B6F-2BC2-3688-B83C-DD3C704F54FA}.DebugGame|Win64.ActiveCfg = Development|Any CPU
		{020E6B6F-2BC2-3688-B83C-DD3C704F54FA}.DebugGame|Win64.Build.0 = Development|Any CPU
		{020E6B6F-2BC2-3688-B83C-DD3C704F54FA}.Development Editor|Win64.ActiveCfg = Development|Any CPU
		{020E6B6F-2BC2-3688-B83C-DD3C704F54FA}.Development Editor|Win64.Build.0 = Development|Any CPU
		{020E6B6F-2BC2-3688-B83C-DD3C704F54FA}.Development|Win64.ActiveCfg = Development|Any CPU
		{020E6B6F-2BC2-3688-B83C-DD3C704F54FA}.Development|Win64.Build.0 = Development|Any CPU
		{020E6B6F-2BC2-3688-B83C-DD3C704F54FA}.Shipping|Win64.ActiveCfg = Development|Any CPU
		{020E6B6F-2BC2-3688-B83C-DD3C704F54FA}.Shipping|Win64.Build.0 = Development|Any CPU
		{6AC3A4ED-19D9-3C36-AC43-4404C7CED204}.DebugGame Editor|Win64.ActiveCfg = Development|Any CPU
		{6AC3A4ED-19D9-3C36-AC43-4404C7CED204}.DebugGame Editor|Win64.Build.0 = Development|Any CPU
		{6AC3A4ED-19D9-3C36-AC43-4404C7CED204}.DebugGame|Win64.ActiveCfg = Development|Any CPU
		{6AC3A4ED-19D9-3C36-AC43-4404C7CED204}.DebugGame|Win64.Build.0 = Development|Any CPU
		{6AC3A4ED-19D9-3C36-AC43-4404C7CED204}.Development Editor|Win64.ActiveCfg = Development|Any CPU
		{6AC3A4ED-19D9-3C36-AC43-4404C7CED204}.Development Editor|Win64.Build.0 = Development|Any CPU
		{6AC3A4ED-19D9-3C36-AC43-4404C7CED204}.Development|Win64.ActiveCfg = Development|Any CPU
		{6AC3A4ED-19D9-3C36-AC43-4404C7CED204}.Development|Win64.Build.0 = Development|Any CPU
		{6AC3A4ED-19D9-3C36-AC43-4404C7CED204}.Shipping|Win64.ActiveCfg = Development|Any CPU
		{6AC3A4ED-19D9-3C36-AC43-4404C7CED204}.Shipping|Win64.Build.0 = Development|Any CPU
		{92DE79F3-FEAB-3215-9550-736DAEA20769}.DebugGame Editor|Win64.ActiveCfg = Development|Any CPU
		{92DE79F3-FEAB-3215-9550-736DAEA20769}.DebugGame Editor|Win64.Build.0 = Development|Any CPU
		{92DE79F3-FEAB-3215-9550-736DAEA20769}.DebugGame|Win64.ActiveCfg = Development|Any CPU
		{92DE79F3-FEAB-3215-9550-736DAEA20769}.DebugGame|Win64.Build.0 = Development|Any CPU
		{92DE79F3-FEAB-3215-9550-736DAEA20769}.Development Editor|Win64.ActiveCfg = Development|Any CPU
		{92DE79F3-FEAB-3215-9550-736DAEA20769}.Development Editor|Win64.Build.0 = Development|Any CPU
		{92DE79F3-FEAB-3215-9550-736DAEA20769}.Development|Win64.ActiveCfg = Development|Any CPU
		{92DE79F3-FEAB-3215-9550-736DAEA20769}.Development|Win64.Build.0 = Development|Any CPU
		{92DE79F3-FEAB-3215-9550-736DAEA20769}.Shipping|Win64.ActiveCfg = Development|Any CPU
		{92DE79F3-FEAB-3215-9550-736DAEA20769}.Shipping|Win64.Build.0 = Development|Any CPU
		{7F8B5FE4-9AB9-3BB8-8FF1-4165B4E3379E}.DebugGame Editor|Win64.ActiveCfg = Development|Any CPU
		{7F8B5FE4-9AB9-3BB8-8FF1-4165B4E3379E}.DebugGame Editor|Win64.Build.0 = Development|Any CPU
		{7F8B5FE4-9AB9-3BB8-8FF1-4165B4E3379E}.DebugGame|Win64.ActiveCfg = Development|Any CPU
		{7F8B5FE4-9AB9-3BB8-8FF1-4165B4E3379E}.DebugGame|Win64.Build.0 = Development|Any CPU
		{7F8B5FE4-9AB9-3BB8-8FF1-4165B4E3379E}.Development Editor|Win64.ActiveCfg = Development|Any CPU
		{7F8B5FE4-9AB9-3BB8-8FF1-4165B4E3379E}.Development Editor|Win64.Build.0 = Development|Any CPU
		{7F8B5FE4-9AB9-3BB8-8FF1-4165B4E3379E}.Development|Win64.ActiveCfg = Development|Any CPU
		{7F8B5FE4-9AB9-3BB8-8FF1-4165B4E3379E}.Development|Win64.Build.0 = Development|Any CPU
		{7F8B5FE4-9AB9-3BB8-8FF1-4165B4E3379E}.Shipping|Win64.ActiveCfg = Development|Any CPU
		{7F8B5FE4-9AB9-3BB8-8FF1-4165B4E3379E}.Shipping|Win64.Build.0 = Development|Any CPU
		{973CD632-FE34-3B16-920E-66C87036B3A2}.DebugGame Editor|Win64.ActiveCfg = Development|Any CPU
		{973CD632-FE34-3B16-920E-66C87036B3A2}.DebugGame Editor|Win64.Build.0 = Development|Any CPU
		{973CD632-FE34-3B16-920E-66C87036B3A2}.DebugGame|Win64.ActiveCfg = Development|Any CPU
		{973CD632-FE34-3B16-920E-66C87036B3A2}.DebugGame|Win64.Build.0 = Development|Any CPU
		{973CD632-FE34-3B16-920E-66C87036B3A2}.Development Editor|Win64.ActiveCfg = Development|Any CPU
		{973CD632-FE34-3B16-920E-66C87036B3A2}.Development Editor|Win64.Build.0 = Development|Any CPU
		{973CD632-FE34-3B16-920E-66C87036B3A2}.Development|Win64.ActiveCfg = Development|Any CPU
		{973CD632-FE34-3B16-920E-66C87036B3A2}.Development|Win64.Build.0 = Development|Any CPU
		{973CD632-FE34-3B16-920E-66C87036B3A2}.Shipping|Win64.ActiveCfg = Development|Any CPU
		{973CD632-FE34-3B16-920E-66C87036B3A2}.Shipping|Win64.Build.0 = Development|Any CPU
		{5684EA7E-CDDB-33B4-ACB9-D454CB65BB5B}.DebugGame Editor|Win64.ActiveCfg = Development|Any CPU
		{5684EA7E-CDDB-33B4-ACB9-D454CB65BB5B}.DebugGame Editor|Win64.Build.0 = Development|Any CPU
		{5684EA7E-CDDB-33B4-ACB9-D454CB65BB5B}.DebugGame|Win64.ActiveCfg = Development|Any CPU
		{5684EA7E-CDDB-33B4-ACB9-D454CB65BB5B}.DebugGame|Win64.Build.0 = Development|Any CPU
		{5684EA7E-CDDB-33B4-ACB9-D454CB65BB5B}.Development Editor|Win64.ActiveCfg = Development|Any CPU
		{5684EA7E-CDDB-33B4-ACB9-D454CB65BB5B}.Development Editor|Win64.Build.0 = Development|Any CPU
		{5684EA7E-CDDB-33B4-ACB9-D454CB65BB5B}.Development|Win64.ActiveCfg = Development|Any CPU
		{5684EA7E-CDDB-33B4-ACB9-D454CB65BB5B}.Development|Win64.Build.0 = Development|Any CPU
		{5684EA7E-CDDB-33B4-ACB9-D454CB65BB5B}.Shipping|Win64.ActiveCfg = Development|Any CPU
		{5684EA7E-CDDB-33B4-ACB9-D454CB65BB5B}.Shipping|Win64.Build.0 = Development|Any CPU
		{8273D951-9707-3BB6-8F8A-DEC609726CBF}.DebugGame Editor|Win64.ActiveCfg = Development|Any CPU
		{8273D951-9707-3BB6-8F8A-DEC609726CBF}.DebugGame Editor|Win64.Build.0 = Development|Any CPU
		{8273D951-9707-3BB6-8F8A-DEC609726CBF}.DebugGame|Win64.ActiveCfg = Development|Any CPU
		{8273D951-9707-3BB6-8F8A-DEC609726CBF}.DebugGame|Win64.Build.0 = Development|Any CPU
		{8273D951-9707-3BB6-8F8A-DEC609726CBF}.Development Editor|Win64.ActiveCfg = Development|Any CPU
		{8273D951-9707-3BB6-8F8A-DEC609726CBF}.Development Editor|Win64.Build.0 = Development|Any CPU
		{8273D951-9707-3BB6-8F8A-DEC609726CBF}.Development|Win64.ActiveCfg = Development|Any CPU
		{8273D951-9707-3BB6-8F8A-DEC609726CBF}.Development|Win64.Build.0 = Development|Any CPU
		{8273D951-9707-3BB6-8F8A-DEC609726CBF}.Shipping|Win64.ActiveCfg = Development|Any CPU
		{8273D951-9707-3BB6-8F8A-DEC609726CBF}.Shipping|Win64.Build.0 = Development|Any CPU
		{C708A612-61FF-3835-BE3E-895B626E020E}.DebugGame Editor|Win64.ActiveCfg = Development|Any CPU
		{C708A612-61FF-3835-BE3E-895B626E020E}.DebugGame Editor|Win64.Build.0 = Development|Any CPU
		{C708A612-61FF-3835-BE3E-895B626E020E}.DebugGame|Win64.ActiveCfg = Development|Any CPU
		{C708A612-61FF-3835-BE3E-895B626E020E}.DebugGame|Win64.Build.0 = Development|Any CPU
		{C708A612-61FF-3835-BE3E-895B626E020E}.Development Editor|Win64.ActiveCfg = Development|Any CPU
		{C708A612-61FF-3835-BE3E-895B626E020E}.Development Editor|Win64.Build.0 = Development|Any CPU
		{C708A612-61FF-3835-BE3E-895B626E020E}.Development|Win64.ActiveCfg = Development|Any CPU
		{C708A612-61FF-3835-BE3E-895B626E020E}.Development|Win64.Build.0 = Development|Any CPU
		{C708A612-61FF-3835-BE3E-895B626E020E}.Shipping|Win64.ActiveCfg = Development|Any CPU
		{C708A612-61FF-3835-BE3E-895B626E020E}.Shipping|Win64.Build.0 = Development|Any CPU
		{412AADAB-1F87-3DC8-8F0B-DB795E8816CD}.DebugGame Editor|Win64.ActiveCfg = Development|Any CPU
		{412AADAB-1F87-3DC8-8F0B-DB795E8816CD}.DebugGame Editor|Win64.Build.0 = Development|Any CPU
		{412AADAB-1F87-3DC8-8F0B-DB795E8816CD}.DebugGame|Win64.ActiveCfg = Development|Any CPU
		{412AADAB-1F87-3DC8-8F0B-DB795E8816CD}.DebugGame|Win64.Build.0 = Development|Any CPU
		{412AADAB-1F87-3DC8-8F0B-DB795E8816CD}.Development Editor|Win64.ActiveCfg = Development|Any CPU
		{412AADAB-1F87-3DC8-8F0B-DB795E8816CD}.Development Editor|Win64.Build.0 = Development|Any CPU
		{412AADAB-1F87-3DC8-8F0B-DB795E8816CD}.Development|Win64.ActiveCfg = Development|Any CPU
		{412AADAB-1F87-3DC8-8F0B-DB795E8816CD}.Development|Win64.Build.0 = Development|Any CPU
		{412AADAB-1F87-3DC8-8F0B-DB795E8816CD}.Shipping|Win64.ActiveCfg = Development|Any CPU
		{412AADAB-1F87-3DC8-8F0B-DB795E8816CD}.Shipping|Win64.Build.0 = Development|Any CPU
		{396834E6-FCC3-3C25-86D9-7629425D8C11}.DebugGame Editor|Win64.ActiveCfg = Development|Any CPU
		{396834E6-FCC3-3C25-86D9-7629425D8C11}.DebugGame Editor|Win64.Build.0 = Development|Any CPU
		{396834E6-FCC3-3C25-86D9-7629425D8C11}.DebugGame|Win64.ActiveCfg = Development|Any CPU
		{396834E6-FCC3-3C25-86D9-7629425D8C11}.DebugGame|Win64.Build.0 = Development|Any CPU
		{396834E6-FCC3-3C25-86D9-7629425D8C11}.Development Editor|Win64.ActiveCfg = Development|Any CPU
		{396834E6-FCC3-3C25-86D9-7629425D8C11}.Development Editor|Win64.Build.0 = Development|Any CPU
		{396834E6-FCC3-3C25-86D9-7629425D8C11}.Development|Win64.ActiveCfg = Development|Any CPU
		{396834E6-FCC3-3C25-86D9-7629425D8C11}.Development|Win64.Build.0 = Development|Any CPU
		{396834E6-FCC3-3C25-86D9-7629425D8C11}.Shipping|Win64.ActiveCfg = Development|Any CPU
		{396834E6-FCC3-3C25-86D9-7629425D8C11}.Shipping|Win64.Build.0 = Development|Any CPU
		{DA87A2D4-79E1-3E2A-B7CA-7839CE7512B9}.DebugGame Editor|Win64.ActiveCfg = Development|Any CPU
		{DA87A2D4-79E1-3E2A-B7CA-7839CE7512B9}.DebugGame Editor|Win64.Build.0 = Development|Any CPU
		{DA87A2D4-79E1-3E2A-B7CA-7839CE7512B9}.DebugGame|Win64.ActiveCfg = Development|Any CPU
		{DA87A2D4-79E1-3E2A-B7CA-7839CE7512B9}.DebugGame|Win64.Build.0 = Development|Any CPU
		{DA87A2D4-79E1-3E2A-B7CA-7839CE7512B9}.Development Editor|Win64.ActiveCfg = Development|Any CPU
		{DA87A2D4-79E1-3E2A-B7CA-7839CE7512B9}.Development Editor|Win64.Build.0 = Development|Any CPU
		{DA87A2D4-79E1-3E2A-B7CA-7839CE7512B9}.Development|Win64.ActiveCfg = Development|Any CPU
		{DA87A2D4-79E1-3E2A-B7CA-7839CE7512B9}.Development|Win64.Build.0 = Development|Any CPU
		{DA87A2D4-79E1-3E2A-B7CA-7839CE7512B9}.Shipping|Win64.ActiveCfg = Development|Any CPU
		{DA87A2D4-79E1-3E2A-B7CA-7839CE7512B9}.Shipping|Win64.Build.0 = Development|Any CPU
		{D58B4B30-FC11-3213-8ED1-E63B8E0AE1C2}.DebugGame Editor|Win64.ActiveCfg = Development|Any CPU
		{D58B4B30-FC11-3213-8ED1-E63B8E0AE1C2}.DebugGame Editor|Win64.Build.0 = Development|Any CPU
		{D58B4B30-FC11-3213-8ED1-E63B8E0AE1C2}.DebugGame|Win64.ActiveCfg = Development|Any CPU
		{D58B4B30-FC11-3213-8ED1-E63B8E0AE1C2}.DebugGame|Win64.Build.0 = Development|Any CPU
		{D58B4B30-FC11-3213-8ED1-E63B8E0AE1C2}.Development Editor|Win64.ActiveCfg = Development|Any CPU
		{D58B4B30-FC11-3213-8ED1-E63B8E0AE1C2}.Development Editor|Win64.Build.0 = Development|Any CPU
		{D58B4B30-FC11-3213-8ED1-E63B8E0AE1C2}.Development|Win64.ActiveCfg = Development|Any CPU
		{D58B4B30-FC11-3213-8ED1-E63B8E0AE1C2}.Development|Win64.Build.0 = Development|Any CPU
		{D58B4B30-FC11-3213-8ED1-E63B8E0AE1C2}.Shipping|Win64.ActiveCfg = Development|Any CPU
		{D58B4B30-FC11-3213-8ED1-E63B8E0AE1C2}.Shipping|Win64.Build.0 = Development|Any CPU
		{01B05304-8441-3F35-BE5E-0B52EFE3CF1D}.DebugGame Editor|Win64.ActiveCfg = Development|Any CPU
		{01B05304-8441-3F35-BE5E-0B52EFE3CF1D}.DebugGame Editor|Win64.Build.0 = Development|Any CPU
		{01B05304-8441-3F35-BE5E-0B52EFE3CF1D}.DebugGame|Win64.ActiveCfg = Development|Any CPU
		{01B05304-8441-3F35-BE5E-0B52EFE3CF1D}.DebugGame|Win64.Build.0 = Development|Any CPU
		{01B05304-8441-3F35-BE5E-0B52EFE3CF1D}.Development Editor|Win64.ActiveCfg = Development|Any CPU
		{01B05304-8441-3F35-BE5E-0B52EFE3CF1D}.Development Editor|Win64.Build.0 = Development|Any CPU
		{01B05304-8441-3F35-BE5E-0B52EFE3CF1D}.Development|Win64.ActiveCfg = Development|Any CPU
		{01B05304-8441-3F35-BE5E-0B52EFE3CF1D}.Development|Win64.Build.0 = Development|Any CPU
		{01B05304-8441-3F35-BE5E-0B52EFE3CF1D}.Shipping|Win64.ActiveCfg = Development|Any CPU
		{01B05304-8441-3F35-BE5E-0B52EFE3CF1D}.Shipping|Win64.Build.0 = Development|Any CPU
		{7E01A0A5-1661-3454-949D-715E408F3A19}.DebugGame Editor|Win64.ActiveCfg = Development|Any CPU
		{7E01A0A5-1661-3454-949D-715E408F3A19}.DebugGame Editor|Win64.Build.0 = Development|Any CPU
		{7E01A0A5-1661-3454-949D-715E408F3A19}.DebugGame|Win64.ActiveCfg = Development|Any CPU
		{7E01A0A5-1661-3454-949D-715E408F3A19}.DebugGame|Win64.Build.0 = Development|Any CPU
		{7E01A0A5-1661-3454-949D-715E408F3A19}.Development Editor|Win64.ActiveCfg = Development|Any CPU
		{7E01A0A5-1661-3454-949D-715E408F3A19}.Development Editor|Win64.Build.0 = Development|Any CPU
		{7E01A0A5-1661-3454-949D-715E408F3A19}.Development|Win64.ActiveCfg = Development|Any CPU
		{7E01A0A5-1661-3454-949D-715E408F3A19}.Development|Win64.Build.0 = Development|Any CPU
		{7E01A0A5-1661-3454-949D-715E408F3A19}.Shipping|Win64.ActiveCfg = Development|Any CPU
		{7E01A0A5-1661-3454-949D-715E408F3A19}.Shipping|Win64.Build.0 = Development|Any CPU
		{3A290F1C-094D-3B6E-8245-9603E3BD4D00}.DebugGame Editor|Win64.ActiveCfg = Development|Any CPU
		{3A290F1C-094D-3B6E-8245-9603E3BD4D00}.DebugGame Editor|Win64.Build.0 = Development|Any CPU
		{3A290F1C-094D-3B6E-8245-9603E3BD4D00}.DebugGame|Win64.ActiveCfg = Development|Any CPU
		{3A290F1C-094D-3B6E-8245-9603E3BD4D00}.DebugGame|Win64.Build.0 = Development|Any CPU
		{3A290F1C-094D-3B6E-8245-9603E3BD4D00}.Development Editor|Win64.ActiveCfg = Development|Any CPU
		{3A290F1C-094D-3B6E-8245-9603E3BD4D00}.Development Editor|Win64.Build.0 = Development|Any CPU
		{3A290F1C-094D-3B6E-8245-9603E3BD4D00}.Development|Win64.ActiveCfg = Development|Any CPU
		{3A290F1C-094D-3B6E-8245-9603E3BD4D00}.Development|Win64.Build.0 = Development|Any CPU
		{3A290F1C-094D-3B6E-8245-9603E3BD4D00}.Shipping|Win64.ActiveCfg = Development|Any CPU
		{3A290F1C-094D-3B6E-8245-9603E3BD4D00}.Shipping|Win64.Build.0 = Development|Any CPU
		{88FBC286-FE32-3D9F-9B59-ED186128F781}.DebugGame Editor|Win64.ActiveCfg = Development|Any CPU
		{88FBC286-FE32-3D9F-9B59-ED186128F781}.DebugGame Editor|Win64.Build.0 = Development|Any CPU
		{88FBC286-FE32-3D9F-9B59-ED186128F781}.DebugGame|Win64.ActiveCfg = Development|Any CPU
		{88FBC286-FE32-3D9F-9B59-ED186128F781}.DebugGame|Win64.Build.0 = Development|Any CPU
		{88FBC286-FE32-3D9F-9B59-ED186128F781}.Development Editor|Win64.ActiveCfg = Development|Any CPU
		{88FBC286-FE32-3D9F-9B59-ED186128F781}.Development Editor|Win64.Build.0 = Development|Any CPU
		{88FBC286-FE32-3D9F-9B59-ED186128F781}.Development|Win64.ActiveCfg = Development|Any CPU
		{88FBC286-FE32-3D9F-9B59-ED186128F781}.Development|Win64.Build.0 = Development|Any CPU
		{88FBC286-FE32-3D9F-9B59-ED186128F781}.Shipping|Win64.ActiveCfg = Development|Any CPU
		{88FBC286-FE32-3D9F-9B59-ED186128F781}.Shipping|Win64.Build.0 = Development|Any CPU
	EndGlobalSection
	GlobalSection(SolutionProperties) = preSolution
		HideSolutionNode = FALSE
	EndGlobalSection
	GlobalSection(NestedProjects) = preSolution
		{2D4D3A89-EBC5-3C80-9C41-B3CD8AA4A64E} = {233774A8-CC9D-3FA9-86D1-90573E92B704}
		{FF3B5FCD-1B20-3CEF-807D-CBC1E9B1FD46} = {DE1F8B53-6C02-3C13-9101-A7C8D96F3FF6}
		{07C72435-D417-3582-9EA3-C7E394EB6D77} = {A338B9E2-A559-34BE-A46D-F789DD488FAD}
		{687BD9DD-D32A-36E2-950B-EECC131BFF30} = {A338B9E2-A559-34BE-A46D-F789DD488FAD}
		{0BFBE63A-B98A-3411-8EEB-8918FEC737B3} = {A338B9E2-A559-34BE-A46D-F789DD488FAD}
		{7B5CFB44-F0FB-31DF-AE62-C3C096A29A7B} = {A338B9E2-A559-34BE-A46D-F789DD488FAD}
		{57713676-9DBE-331C-AD10-26632AC9EE0C} = {A338B9E2-A559-34BE-A46D-F789DD488FAD}
		{D18588A9-01A9-3E17-88E1-1868F479CAA5} = {0BFBE63A-B98A-3411-8EEB-8918FEC737B3}
		{BD604B3C-AE68-3D19-9621-DF8B98C7998B} = {0BFBE63A-B98A-3411-8EEB-8918FEC737B3}
		{06698AE5-46A8-396D-BE58-002EF01364F1} = {0BFBE63A-B98A-3411-8EEB-8918FEC737B3}
		{77324CB4-9EB3-39C6-A41A-E19FA6FBCD4C} = {0BFBE63A-B98A-3411-8EEB-8918FEC737B3}
		{2BF9B5BA-F13F-3206-86D6-9FB1ECC93142} = {0BFBE63A-B98A-3411-8EEB-8918FEC737B3}
		{F10519FD-7C37-37BF-BDD5-FB93C46392C8} = {0BFBE63A-B98A-3411-8EEB-8918FEC737B3}
		{8795009B-C571-371D-9CCF-57BF8CAF176D} = {0BFBE63A-B98A-3411-8EEB-8918FEC737B3}
		{2D1F1C32-73AD-3F89-86B5-43DF7E90B6A7} = {0BFBE63A-B98A-3411-8EEB-8918FEC737B3}
		{853374FA-84D5-3352-A761-87F067C09737} = {0BFBE63A-B98A-3411-8EEB-8918FEC737B3}
		{8F7AD15E-EE7C-35AF-B898-C01BCA99DEFD} = {0BFBE63A-B98A-3411-8EEB-8918FEC737B3}
		{5811602F-954F-3F73-B971-D78D761D493C} = {0BFBE63A-B98A-3411-8EEB-8918FEC737B3}
		{9B728B41-7A3A-367E-93F3-2AADD971F617} = {0BFBE63A-B98A-3411-8EEB-8918FEC737B3}
		{ADD67CAD-7F13-30CF-8FA8-4440A880FBCB} = {0BFBE63A-B98A-3411-8EEB-8918FEC737B3}
		{09CAC0EE-ACD4-350F-8F86-9B280DC2E43F} = {0BFBE63A-B98A-3411-8EEB-8918FEC737B3}
		{8E93D8D3-D0A9-3084-BC5B-304C222E5722} = {0BFBE63A-B98A-3411-8EEB-8918FEC737B3}
		{445AD681-345F-3A20-A8BF-1DA50C0B352A} = {0BFBE63A-B98A-3411-8EEB-8918FEC737B3}
		{D67312AD-708B-37EA-8787-EFFE22D79612} = {0BFBE63A-B98A-3411-8EEB-8918FEC737B3}
		{6C2A99E2-9E8F-3674-B801-DE73B57A2CEE} = {0BFBE63A-B98A-3411-8EEB-8918FEC737B3}
		{03763061-C1DA-36C6-90DE-589E8EC9FB99} = {0BFBE63A-B98A-3411-8EEB-8918FEC737B3}
		{F36FC1E7-6CEA-3EA0-8DA1-F2A82057DF7E} = {0BFBE63A-B98A-3411-8EEB-8918FEC737B3}
		{74A17198-674A-3C69-AFF9-51D2175A50BE} = {7B5CFB44-F0FB-31DF-AE62-C3C096A29A7B}
		{CBBB2FEF-4321-332C-AF0B-0DA0D65FA6A2} = {57713676-9DBE-331C-AD10-26632AC9EE0C}
		{015E4525-1B24-36F5-BD5F-1E3069E2361A} = {57713676-9DBE-331C-AD10-26632AC9EE0C}
		{C42AB1DE-34FA-35DB-AB03-3E1574F7CE19} = {57713676-9DBE-331C-AD10-26632AC9EE0C}
		{EC676272-EF57-3695-8189-1EB2365538C0} = {57713676-9DBE-331C-AD10-26632AC9EE0C}
		{52E49978-70BA-3C2F-B6D8-3E3FD007031F} = {57713676-9DBE-331C-AD10-26632AC9EE0C}
		{F555B5F1-56E6-3931-B13C-E848BD82C57E} = {57713676-9DBE-331C-AD10-26632AC9EE0C}
		{F38400A0-AE06-376B-B354-125D5678C3A6} = {57713676-9DBE-331C-AD10-26632AC9EE0C}
		{020E6B6F-2BC2-3688-B83C-DD3C704F54FA} = {57713676-9DBE-331C-AD10-26632AC9EE0C}
		{6AC3A4ED-19D9-3C36-AC43-4404C7CED204} = {57713676-9DBE-331C-AD10-26632AC9EE0C}
		{92DE79F3-FEAB-3215-9550-736DAEA20769} = {57713676-9DBE-331C-AD10-26632AC9EE0C}
		{7F8B5FE4-9AB9-3BB8-8FF1-4165B4E3379E} = {57713676-9DBE-331C-AD10-26632AC9EE0C}
		{973CD632-FE34-3B16-920E-66C87036B3A2} = {57713676-9DBE-331C-AD10-26632AC9EE0C}
		{5684EA7E-CDDB-33B4-ACB9-D454CB65BB5B} = {57713676-9DBE-331C-AD10-26632AC9EE0C}
		{8273D951-9707-3BB6-8F8A-DEC609726CBF} = {57713676-9DBE-331C-AD10-26632AC9EE0C}
		{C708A612-61FF-3835-BE3E-895B626E020E} = {57713676-9DBE-331C-AD10-26632AC9EE0C}
		{412AADAB-1F87-3DC8-8F0B-DB795E8816CD} = {57713676-9DBE-331C-AD10-26632AC9EE0C}
		{396834E6-FCC3-3C25-86D9-7629425D8C11} = {57713676-9DBE-331C-AD10-26632AC9EE0C}
		{DA87A2D4-79E1-3E2A-B7CA-7839CE7512B9} = {57713676-9DBE-331C-AD10-26632AC9EE0C}
		{D58B4B30-FC11-3213-8ED1-E63B8E0AE1C2} = {57713676-9DBE-331C-AD10-26632AC9EE0C}
		{01B05304-8441-3F35-BE5E-0B52EFE3CF1D} = {57713676-9DBE-331C-AD10-26632AC9EE0C}
		{7E01A0A5-1661-3454-949D-715E408F3A19} = {C2F57ECE-B26F-39D8-BDA7-C1D40BD8F180}
		{3A290F1C-094D-3B6E-8245-9603E3BD4D00} = {C2F57ECE-B26F-39D8-BDA7-C1D40BD8F180}
		{88FBC286-FE32-3D9F-9B59-ED186128F781} = {C2F57ECE-B26F-39D8-BDA7-C1D40BD8F180}
	EndGlobalSection
EndGlobal
